<?xml version="1.0" encoding="UTF-8"?>
<Scheme
   LastUpgradeVersion = "0500"
   version = "1.7">
   <BuildAction
      parallelizeBuildables = "YES"
      buildImplicitDependencies = "YES">
      <BuildActionEntries>
         <BuildActionEntry
            buildForTesting = "YES"
            buildForRunning = "YES"
            buildForProfiling = "YES"
            buildForArchiving = "YES"
            buildForAnalyzing = "YES">
            <BuildableReference
               BuildableIdentifier = "primary"
               BlueprintIdentifier = "F9ABB7501832183D004E161A"
               BuildableName = "CITest.app"
               BlueprintName = "CITest"
               ReferencedContainer = "container:CITest.xcodeproj">
            </BuildableReference>
         </BuildActionEntry>
      </BuildActionEntries>
   </BuildAction>
   <TestAction
      selectedDebuggerIdentifier = "Xcode.DebuggerFoundation.Debugger.LLDB"
      selectedLauncherIdentifier = "Xcode.DebuggerFoundation.Launcher.LLDB"
      shouldUseLaunchSchemeArgsEnv = "YES"
      buildConfiguration = "Debug">
      <Testables>
         <TestableReference
            skipped = "NO">
            <BuildableReference
               BuildableIdentifier = "primary"
               BlueprintIdentifier = "F9ABB7741832183D004E161A"
               BuildableName = "CITestTests.xctest"
               BlueprintName = "CITestTests"
               ReferencedContainer = "container:CITest.xcodeproj">
            </BuildableReference>
         </TestableReference>
      </Testables>
      <MacroExpansion>
         <BuildableReference
            BuildableIdentifier = "primary"
            BlueprintIdentifier = "F9ABB7501832183D004E161A"
            BuildableName = "CITest.app"
            BlueprintName = "CITest"
            ReferencedContainer = "container:CITest.xcodeproj">
         </BuildableReference>
      </MacroExpansion>
   </TestAction>
   <LaunchAction
      selectedDebuggerIdentifier = "Xcode.DebuggerFoundation.Debugger.LLDB"
      selectedLauncherIdentifier = "Xcode.DebuggerFoundation.Launcher.LLDB"
      launchStyle = "0"
      useCustomWorkingDirectory = "NO"
      buildConfiguration = "Debug"
      ignoresPersistentStateOnLaunch = "NO"
      debugDocumentVersioning = "YES"
      allowLocationSimulation = "YES">
      <BuildableProductRunnable>
         <BuildableReference
            BuildableIdentifier = "primary"
            BlueprintIdentifier = "F9ABB7501832183D004E161A"
            BuildableName = "CITest.app"
            BlueprintName = "CITest"
            ReferencedContainer = "container:CITest.xcodeproj">
         </BuildableReference>
      </BuildableProductRunnable>
      <AdditionalOptions>
      </AdditionalOptions>
   </LaunchAction>
   <ProfileAction
      shouldUseLaunchSchemeArgsEnv = "YES"
      savedToolIdentifier = ""
      useCustomWorkingDirectory = "NO"
      buildConfiguration = "Release"
      debugDocumentVersioning = "YES">
      <BuildableProductRunnable>
         <BuildableReference
            BuildableIdentifier = "primary"
            BlueprintIdentifier = "F9ABB7501832183D004E161A"
            BuildableName = "CITest.app"
            BlueprintName = "CITest"
            ReferencedContainer = "container:CITest.xcodeproj">
         </BuildableReference>
      </BuildableProductRunnable>
   </ProfileAction>
   <AnalyzeAction
      buildConfiguration = "Debug">
   </AnalyzeAction>
   <ArchiveAction
      buildConfiguration = "Release"
      revealArchiveInOrganizer = "YES">
      <PostActions>
         <ExecutionAction
            ActionType = "Xcode.IDEStandardExecutionActionsCore.ExecutionActionType.ShellScriptAction">
            <ActionContent
               title = "Run Script"
               scriptText = "#&#10;# Upload on TestFlight from Bots&#10;# Author: Mihai Pantiru&#10;#&#10;&#10;PLIST_FILE=$(echo -n &quot;${SRCROOT}/${INFOPLIST_FILE}&quot;)&#10;BUILD_TYPE=$(/usr/libexec/PlistBuddy -c &quot;Print CFBundleVersion&quot; &quot;${PLIST_FILE}&quot;)&#10;API_TOKEN=&quot;8a9901c9-2ed2-4eab-9119-b3fdbac7ce98&quot;&#10;TEAM_TOKEN=&quot;c1d867ba4197562a01f7c1ca75846c6e_NDQwMzgyMDExLTExLTI5IDA5OjAzOjUyLjMwMDEzMQ&quot;&#10;&#10;APP=&quot;${BUILD_ROOT}/Debug-iphoneos/${FULL_PRODUCT_NAME}&quot;&#10;&#10;/bin/rm &quot;/bots/${PRODUCT_NAME}-${BUILD_TYPE}.ipa&quot;&#10;/usr/bin/xcrun -sdk iphoneos PackageApplication -v &quot;${APP}&quot; -o &quot;/bots/${PRODUCT_NAME}-${BUILD_TYPE}.ipa&quot;&#10;&#10;/usr/bin/curl &quot;http://testflightapp.com/api/builds.json&quot; \&#10;-F file=@&quot;/bots/${PRODUCT_NAME}-${BUILD_TYPE}.ipa&quot; \&#10;-F api_token=&quot;${API_TOKEN}&quot; \&#10;-F team_token=&quot;${TEAM_TOKEN}&quot; \&#10;-F notes=&quot;Build uploaded automatically from server.&quot; \&#10;-F distribution_lists=&quot;&lt;YOUR_LISTS&gt;&quot; \&#10;&#10;-F notify=True">
               <EnvironmentBuildable>
                  <BuildableReference
                     BuildableIdentifier = "primary"
                     BlueprintIdentifier = "F9ABB7501832183D004E161A"
                     BuildableName = "CITest.app"
                     BlueprintName = "CITest"
                     ReferencedContainer = "container:CITest.xcodeproj">
                  </BuildableReference>
               </EnvironmentBuildable>
            </ActionContent>
         </ExecutionAction>
      </PostActions>
   </ArchiveAction>
</Scheme>
